%{
  "benchee": {:hex, :benchee, "0.99.0", "0efbfc31045ad2f75a48673bd1befa8a6a5855e93b8c3117aed7d7da8de65b71", [:mix], [{:deep_merge, "~> 1.0", [hex: :deep_merge, repo: "hexpm", optional: false]}], "hexpm"},
  "deep_merge": {:hex, :deep_merge, "1.0.0", "b4aa1a0d1acac393bdf38b2291af38cb1d4a52806cf7a4906f718e1feb5ee961", [:mix], [], "hexpm"},
  "html5ever": {:hex, :html5ever, "0.7.0", "9f63ec1c783b2dc9f326840fcc993c01e926dbdef4e51ba1bbe5355993c258b4", [:mix], [{:rustler, "~> 0.18.0", [hex: :rustler, repo: "hexpm", optional: false]}], "hexpm"},
  "myhtmlex": {:hex, :myhtmlex, "0.2.1", "d6f3eb1826f7cdaa0225a996569da0930d1a334405510845c905ae59295ab226", [:make, :mix], [{:nodex, "~> 0.1.1", [hex: :nodex, repo: "hexpm", optional: false]}], "hexpm"},
  "nodex": {:hex, :nodex, "0.1.1", "ed2f7bbe19ea62a43ad4b7ad332eb3f9ca12c64a35a5802a0eb545b93ebe32af", [:mix], [], "hexpm"},
  "rustler": {:hex, :rustler, "0.18.0", "db4bd0c613d83a1badc31be90ddada6f9821de29e4afd15c53a5da61882e4f2d", [:mix], [], "hexpm"},
}
